
Microsoft Visual Studio Solution File, Format Version 12.00
# Visual Studio Version 17
VisualStudioVersion = 17.4.33205.214
MinimumVisualStudioVersion = 10.0.40219.1
Project("{9A19103F-16F7-4668-BE54-9A1E7A4F7556}") = "XamlMultiLanguageEditor.Winform", "XamlMultiLanguageEditor.Winform\XamlMultiLanguageEditor.Winform.csproj", "{5354F9F8-6515-43FC-AF02-9D6EB1CDCB1E}"
EndProject
Global
	GlobalSection(SolutionConfigurationPlatforms) = preSolution
		Debug|Any CPU = Debug|Any CPU
		Release|Any CPU = Release|Any CPU
	EndGlobalSection
	GlobalSection(ProjectConfigurationPlatforms) = postSolution
		{5354F9F8-6515-43FC-AF02-9D6EB1CDCB1E}.Debug|Any CPU.ActiveCfg = Debug|Any CPU
		{5354F9F8-6515-43FC-AF02-9D6EB1CDCB1E}.Debug|Any CPU.Build.0 = Debug|Any CPU
		{5354F9F8-6515-43FC-AF02-9D6EB1CDCB1E}.Release|Any CPU.ActiveCfg = Release|Any CPU
		{5354F9F8-6515-43FC-AF02-9D6EB1CDCB1E}.Release|Any CPU.Build.0 = Release|Any CPU
	EndGlobalSection
	GlobalSection(SolutionProperties) = preSolution
		HideSolutionNode = FALSE
	EndGlobalSection
	GlobalSection(ExtensibilityGlobals) = postSolution
		SolutionGuid = {CD01D0FE-87D5-4481-9B5F-DD3DBB4707C2}
	EndGlobalSection
EndGlobal
